// !$*UTF8*$!
{
	archiveVersion = 1;
	classes = {
	};
	objectVersion = 77;
	objects = {

/* Begin PBXBuildFile section */
		6DC05A0B2D53F76700737E09 /* FirebaseAnalytics in Frameworks */ = {isa = PBXBuildFile; productRef = 6DC05A0A2D53F76700737E09 /* FirebaseAnalytics */; };
		6DC05A0D2D53F76700737E09 /* FirebaseAnalyticsOnDeviceConversion in Frameworks */ = {isa = PBXBuildFile; productRef = 6DC05A0C2D53F76700737E09 /* FirebaseAnalyticsOnDeviceConversion */; };
		6DC05A0F2D53F76700737E09 /* FirebaseAnalyticsWithoutAdIdSupport in Frameworks */ = {isa = PBXBuildFile; productRef = 6DC05A0E2D53F76700737E09 /* FirebaseAnalyticsWithoutAdIdSupport */; };
		6DC05A112D53F76700737E09 /* FirebaseAppCheck in Frameworks */ = {isa = PBXBuildFile; productRef = 6DC05A102D53F76700737E09 /* FirebaseAppCheck */; };
		6DC05A132D53F76700737E09 /* FirebaseAppDistribution-Beta in Frameworks */ = {isa = PBXBuildFile; productRef = 6DC05A122D53F76700737E09 /* FirebaseAppDistribution-Beta */; };
		6DC05A152D53F76700737E09 /* FirebaseAuth in Frameworks */ = {isa = PBXBuildFile; productRef = 6DC05A142D53F76700737E09 /* FirebaseAuth */; };
		6DC05A172D53F76700737E09 /* FirebaseAuthCombine-Community in Frameworks */ = {isa = PBXBuildFile; productRef = 6DC05A162D53F76700737E09 /* FirebaseAuthCombine-Community */; };
		6DC05A192D53F76700737E09 /* FirebaseCore in Frameworks */ = {isa = PBXBuildFile; productRef = 6DC05A182D53F76700737E09 /* FirebaseCore */; };
		6DC05A1B2D53F76700737E09 /* FirebaseCrashlytics in Frameworks */ = {isa = PBXBuildFile; productRef = 6DC05A1A2D53F76700737E09 /* FirebaseCrashlytics */; };
		6DC05A1D2D53F76700737E09 /* FirebaseDatabase in Frameworks */ = {isa = PBXBuildFile; productRef = 6DC05A1C2D53F76700737E09 /* FirebaseDatabase */; };
		6DC05A1F2D53F76700737E09 /* FirebaseDynamicLinks in Frameworks */ = {isa = PBXBuildFile; productRef = 6DC05A1E2D53F76700737E09 /* FirebaseDynamicLinks */; };
		6DC05A212D53F76700737E09 /* FirebaseFirestore in Frameworks */ = {isa = PBXBuildFile; productRef = 6DC05A202D53F76700737E09 /* FirebaseFirestore */; };
		6DC05A232D53F76700737E09 /* FirebaseFirestoreCombine-Community in Frameworks */ = {isa = PBXBuildFile; productRef = 6DC05A222D53F76700737E09 /* FirebaseFirestoreCombine-Community */; };
		6DC05A252D53F76700737E09 /* FirebaseFunctions in Frameworks */ = {isa = PBXBuildFile; productRef = 6DC05A242D53F76700737E09 /* FirebaseFunctions */; };
		6DC05A272D53F76700737E09 /* FirebaseFunctionsCombine-Community in Frameworks */ = {isa = PBXBuildFile; productRef = 6DC05A262D53F76700737E09 /* FirebaseFunctionsCombine-Community */; };
		6DC05A292D53F76700737E09 /* FirebaseInAppMessaging-Beta in Frameworks */ = {isa = PBXBuildFile; productRef = 6DC05A282D53F76700737E09 /* FirebaseInAppMessaging-Beta */; };
		6DC05A2B2D53F76700737E09 /* FirebaseInstallations in Frameworks */ = {isa = PBXBuildFile; productRef = 6DC05A2A2D53F76700737E09 /* FirebaseInstallations */; };
		6DC05A2D2D53F76700737E09 /* FirebaseMLModelDownloader in Frameworks */ = {isa = PBXBuildFile; productRef = 6DC05A2C2D53F76700737E09 /* FirebaseMLModelDownloader */; };
		6DC05A2F2D53F76700737E09 /* FirebaseMessaging in Frameworks */ = {isa = PBXBuildFile; productRef = 6DC05A2E2D53F76700737E09 /* FirebaseMessaging */; };
		6DC05A312D53F76700737E09 /* FirebasePerformance in Frameworks */ = {isa = PBXBuildFile; productRef = 6DC05A302D53F76700737E09 /* FirebasePerformance */; };
		6DC05A332D53F76700737E09 /* FirebaseRemoteConfig in Frameworks */ = {isa = PBXBuildFile; productRef = 6DC05A322D53F76700737E09 /* FirebaseRemoteConfig */; };
		6DC05A352D53F76700737E09 /* FirebaseStorage in Frameworks */ = {isa = PBXBuildFile; productRef = 6DC05A342D53F76700737E09 /* FirebaseStorage */; };
		6DC05A372D53F76700737E09 /* FirebaseStorageCombine-Community in Frameworks */ = {isa = PBXBuildFile; productRef = 6DC05A362D53F76700737E09 /* FirebaseStorageCombine-Community */; };
		6DC05A392D53F76700737E09 /* FirebaseVertexAI in Frameworks */ = {isa = PBXBuildFile; productRef = 6DC05A382D53F76700737E09 /* FirebaseVertexAI */; };
/* End PBXBuildFile section */

/* Begin PBXContainerItemProxy section */
		6DFFF9922D40812700E81286 /* PBXContainerItemProxy */ = {
			isa = PBXContainerItemProxy;
			containerPortal = 6DFFF9782D40812700E81286 /* Project object */;
			proxyType = 1;
			remoteGlobalIDString = 6DFFF97F2D40812700E81286;
			remoteInfo = Optima;
		};
		6DFFF99C2D40812700E81286 /* PBXContainerItemProxy */ = {
			isa = PBXContainerItemProxy;
			containerPortal = 6DFFF9782D40812700E81286 /* Project object */;
			proxyType = 1;
			remoteGlobalIDString = 6DFFF97F2D40812700E81286;
			remoteInfo = Optima;
		};
/* End PBXContainerItemProxy section */

/* Begin PBXFileReference section */
		6DFFF9802D40812700E81286 /* Optima.app */ = {isa = PBXFileReference; explicitFileType = wrapper.application; includeInIndex = 0; path = Optima.app; sourceTree = BUILT_PRODUCTS_DIR; };
		6DFFF9912D40812700E81286 /* OptimaTests.xctest */ = {isa = PBXFileReference; explicitFileType = wrapper.cfbundle; includeInIndex = 0; path = OptimaTests.xctest; sourceTree = BUILT_PRODUCTS_DIR; };
		6DFFF99B2D40812700E81286 /* OptimaUITests.xctest */ = {isa = PBXFileReference; explicitFileType = wrapper.cfbundle; includeInIndex = 0; path = OptimaUITests.xctest; sourceTree = BUILT_PRODUCTS_DIR; };
/* End PBXFileReference section */

/* Begin PBXFileSystemSynchronizedRootGroup section */
		6DFFF9822D40812700E81286 /* Optima */ = {
			isa = PBXFileSystemSynchronizedRootGroup;
			path = Optima;
			sourceTree = "<group>";
		};
		6DFFF9942D40812700E81286 /* OptimaTests */ = {
			isa = PBXFileSystemSynchronizedRootGroup;
			path = OptimaTests;
			sourceTree = "<group>";
		};
		6DFFF99E2D40812700E81286 /* OptimaUITests */ = {
			isa = PBXFileSystemSynchronizedRootGroup;
			path = OptimaUITests;
			sourceTree = "<group>";
		};
/* End PBXFileSystemSynchronizedRootGroup section */

/* Begin PBXFrameworksBuildPhase section */
		6DFFF97D2D40812700E81286 /* Frameworks */ = {
			isa = PBXFrameworksBuildPhase;
			buildActionMask = 2147483647;
			files = (
				6DC05A232D53F76700737E09 /* FirebaseFirestoreCombine-Community in Frameworks */,
				6DC05A392D53F76700737E09 /* FirebaseVertexAI in Frameworks */,
				6DC05A252D53F76700737E09 /* FirebaseFunctions in Frameworks */,
				6DC05A312D53F76700737E09 /* FirebasePerformance in Frameworks */,
				6DC05A372D53F76700737E09 /* FirebaseStorageCombine-Community in Frameworks */,
				6DC05A332D53F76700737E09 /* FirebaseRemoteConfig in Frameworks */,
				6DC05A1D2D53F76700737E09 /* FirebaseDatabase in Frameworks */,
				6DC05A1F2D53F76700737E09 /* FirebaseDynamicLinks in Frameworks */,
				6DC05A112D53F76700737E09 /* FirebaseAppCheck in Frameworks */,
				6DC05A152D53F76700737E09 /* FirebaseAuth in Frameworks */,
				6DC05A0B2D53F76700737E09 /* FirebaseAnalytics in Frameworks */,
				6DC05A212D53F76700737E09 /* FirebaseFirestore in Frameworks */,
				6DC05A2F2D53F76700737E09 /* FirebaseMessaging in Frameworks */,
				6DC05A2B2D53F76700737E09 /* FirebaseInstallations in Frameworks */,
				6DC05A272D53F76700737E09 /* FirebaseFunctionsCombine-Community in Frameworks */,
				6DC05A132D53F76700737E09 /* FirebaseAppDistribution-Beta in Frameworks */,
				6DC05A0F2D53F76700737E09 /* FirebaseAnalyticsWithoutAdIdSupport in Frameworks */,
				6DC05A292D53F76700737E09 /* FirebaseInAppMessaging-Beta in Frameworks */,
				6DC05A172D53F76700737E09 /* FirebaseAuthCombine-Community in Frameworks */,
				6DC05A1B2D53F76700737E09 /* FirebaseCrashlytics in Frameworks */,
				6DC05A2D2D53F76700737E09 /* FirebaseMLModelDownloader in Frameworks */,
				6DC05A352D53F76700737E09 /* FirebaseStorage in Frameworks */,
				6DC05A192D53F76700737E09 /* FirebaseCore in Frameworks */,
				6DC05A0D2D53F76700737E09 /* FirebaseAnalyticsOnDeviceConversion in Frameworks */,
			);
			runOnlyForDeploymentPostprocessing = 0;
		};
		6DFFF98E2D40812700E81286 /* Frameworks */ = {
			isa = PBXFrameworksBuildPhase;
			buildActionMask = 2147483647;
			files = (
			);
			runOnlyForDeploymentPostprocessing = 0;
		};
		6DFFF9982D40812700E81286 /* Frameworks */ = {
			isa = PBXFrameworksBuildPhase;
			buildActionMask = 2147483647;
			files = (
			);
			runOnlyForDeploymentPostprocessing = 0;
		};
/* End PBXFrameworksBuildPhase section */

/* Begin PBXGroup section */
		6DFFF9772D40812700E81286 = {
			isa = PBXGroup;
			children = (
				6DFFF9822D40812700E81286 /* Optima */,
				6DFFF9942D40812700E81286 /* OptimaTests */,
				6DFFF99E2D40812700E81286 /* OptimaUITests */,
				6DFFF9812D40812700E81286 /* Products */,
			);
			sourceTree = "<group>";
		};
		6DFFF9812D40812700E81286 /* Products */ = {
			isa = PBXGroup;
			children = (
				6DFFF9802D40812700E81286 /* Optima.app */,
				6DFFF9912D40812700E81286 /* OptimaTests.xctest */,
				6DFFF99B2D40812700E81286 /* OptimaUITests.xctest */,
			);
			name = Products;
			sourceTree = "<group>";
		};
/* End PBXGroup section */

/* Begin PBXNativeTarget section */
		6DFFF97F2D40812700E81286 /* Optima */ = {
			isa = PBXNativeTarget;
			buildConfigurationList = 6DFFF9A52D40812700E81286 /* Build configuration list for PBXNativeTarget "Optima" */;
			buildPhases = (
				6DFFF97C2D40812700E81286 /* Sources */,
				6DFFF97D2D40812700E81286 /* Frameworks */,
				6DFFF97E2D40812700E81286 /* Resources */,
			);
			buildRules = (
			);
			dependencies = (
			);
			fileSystemSynchronizedGroups = (
				6DFFF9822D40812700E81286 /* Optima */,
			);
			name = Optima;
			packageProductDependencies = (
				6DC05A0A2D53F76700737E09 /* FirebaseAnalytics */,
				6DC05A0C2D53F76700737E09 /* FirebaseAnalyticsOnDeviceConversion */,
				6DC05A0E2D53F76700737E09 /* FirebaseAnalyticsWithoutAdIdSupport */,
				6DC05A102D53F76700737E09 /* FirebaseAppCheck */,
				6DC05A122D53F76700737E09 /* FirebaseAppDistribution-Beta */,
				6DC05A142D53F76700737E09 /* FirebaseAuth */,
				6DC05A162D53F76700737E09 /* FirebaseAuthCombine-Community */,
				6DC05A182D53F76700737E09 /* FirebaseCore */,
				6DC05A1A2D53F76700737E09 /* FirebaseCrashlytics */,
				6DC05A1C2D53F76700737E09 /* FirebaseDatabase */,
				6DC05A1E2D53F76700737E09 /* FirebaseDynamicLinks */,
				6DC05A202D53F76700737E09 /* FirebaseFirestore */,
				6DC05A222D53F76700737E09 /* FirebaseFirestoreCombine-Community */,
				6DC05A242D53F76700737E09 /* FirebaseFunctions */,
				6DC05A262D53F76700737E09 /* FirebaseFunctionsCombine-Community */,
				6DC05A282D53F76700737E09 /* FirebaseInAppMessaging-Beta */,
				6DC05A2A2D53F76700737E09 /* FirebaseInstallations */,
				6DC05A2C2D53F76700737E09 /* FirebaseMLModelDownloader */,
				6DC05A2E2D53F76700737E09 /* FirebaseMessaging */,
				6DC05A302D53F76700737E09 /* FirebasePerformance */,
				6DC05A322D53F76700737E09 /* FirebaseRemoteConfig */,
				6DC05A342D53F76700737E09 /* FirebaseStorage */,
				6DC05A362D53F76700737E09 /* FirebaseStorageCombine-Community */,
				6DC05A382D53F76700737E09 /* FirebaseVertexAI */,
			);
			productName = Optima;
			productReference = 6DFFF9802D40812700E81286 /* Optima.app */;
			productType = "com.apple.product-type.application";
		};
		6DFFF9902D40812700E81286 /* OptimaTests */ = {
			isa = PBXNativeTarget;
			buildConfigurationList = 6DFFF9A82D40812700E81286 /* Build configuration list for PBXNativeTarget "OptimaTests" */;
			buildPhases = (
				6DFFF98D2D40812700E81286 /* Sources */,
				6DFFF98E2D40812700E81286 /* Frameworks */,
				6DFFF98F2D40812700E81286 /* Resources */,
			);
			buildRules = (
			);
			dependencies = (
				6DFFF9932D40812700E81286 /* PBXTargetDependency */,
			);
			fileSystemSynchronizedGroups = (
				6DFFF9942D40812700E81286 /* OptimaTests */,
			);
			name = OptimaTests;
			packageProductDependencies = (
			);
			productName = OptimaTests;
			productReference = 6DFFF9912D40812700E81286 /* OptimaTests.xctest */;
			productType = "com.apple.product-type.bundle.unit-test";
		};
		6DFFF99A2D40812700E81286 /* OptimaUITests */ = {
			isa = PBXNativeTarget;
			buildConfigurationList = 6DFFF9AB2D40812700E81286 /* Build configuration list for PBXNativeTarget "OptimaUITests" */;
			buildPhases = (
				6DFFF9972D40812700E81286 /* Sources */,
				6DFFF9982D40812700E81286 /* Frameworks */,
				6DFFF9992D40812700E81286 /* Resources */,
			);
			buildRules = (
			);
			dependencies = (
				6DFFF99D2D40812700E81286 /* PBXTargetDependency */,
			);
			fileSystemSynchronizedGroups = (
				6DFFF99E2D40812700E81286 /* OptimaUITests */,
			);
			name = OptimaUITests;
			packageProductDependencies = (
			);
			productName = OptimaUITests;
			productReference = 6DFFF99B2D40812700E81286 /* OptimaUITests.xctest */;
			productType = "com.apple.product-type.bundle.ui-testing";
		};
/* End PBXNativeTarget section */

/* Begin PBXProject section */
		6DFFF9782D40812700E81286 /* Project object */ = {
			isa = PBXProject;
			attributes = {
				BuildIndependentTargetsInParallel = 1;
				LastSwiftUpdateCheck = 1620;
				LastUpgradeCheck = 1620;
				TargetAttributes = {
					6DFFF97F2D40812700E81286 = {
						CreatedOnToolsVersion = 16.2;
					};
					6DFFF9902D40812700E81286 = {
						CreatedOnToolsVersion = 16.2;
						TestTargetID = 6DFFF97F2D40812700E81286;
					};
					6DFFF99A2D40812700E81286 = {
						CreatedOnToolsVersion = 16.2;
						TestTargetID = 6DFFF97F2D40812700E81286;
					};
				};
			};
			buildConfigurationList = 6DFFF97B2D40812700E81286 /* Build configuration list for PBXProject "Optima" */;
			developmentRegion = en;
			hasScannedForEncodings = 0;
			knownRegions = (
				en,
				Base,
			);
			mainGroup = 6DFFF9772D40812700E81286;
			minimizedProjectReferenceProxies = 1;
			packageReferences = (
				6DFD1E712D53F64100CD54CC /* XCRemoteSwiftPackageReference "firebase-ios-sdk" */,
			);
			preferredProjectObjectVersion = 77;
			productRefGroup = 6DFFF9812D40812700E81286 /* Products */;
			projectDirPath = "";
			projectRoot = "";
			targets = (
				6DFFF97F2D40812700E81286 /* Optima */,
				6DFFF9902D40812700E81286 /* OptimaTests */,
				6DFFF99A2D40812700E81286 /* OptimaUITests */,
			);
		};
/* End PBXProject section */

/* Begin PBXResourcesBuildPhase section */
		6DFFF97E2D40812700E81286 /* Resources */ = {
			isa = PBXResourcesBuildPhase;
			buildActionMask = 2147483647;
			files = (
			);
			runOnlyForDeploymentPostprocessing = 0;
		};
		6DFFF98F2D40812700E81286 /* Resources */ = {
			isa = PBXResourcesBuildPhase;
			buildActionMask = 2147483647;
			files = (
			);
			runOnlyForDeploymentPostprocessing = 0;
		};
		6DFFF9992D40812700E81286 /* Resources */ = {
			isa = PBXResourcesBuildPhase;
			buildActionMask = 2147483647;
			files = (
			);
			runOnlyForDeploymentPostprocessing = 0;
		};
/* End PBXResourcesBuildPhase section */

/* Begin PBXSourcesBuildPhase section */
		6DFFF97C2D40812700E81286 /* Sources */ = {
			isa = PBXSourcesBuildPhase;
			buildActionMask = 2147483647;
			files = (
			);
			runOnlyForDeploymentPostprocessing = 0;
		};
		6DFFF98D2D40812700E81286 /* Sources */ = {
			isa = PBXSourcesBuildPhase;
			buildActionMask = 2147483647;
			files = (
			);
			runOnlyForDeploymentPostprocessing = 0;
		};
		6DFFF9972D40812700E81286 /* Sources */ = {
			isa = PBXSourcesBuildPhase;
			buildActionMask = 2147483647;
			files = (
			);
			runOnlyForDeploymentPostprocessing = 0;
		};
/* End PBXSourcesBuildPhase section */

/* Begin PBXTargetDependency section */
		6DFFF9932D40812700E81286 /* PBXTargetDependency */ = {
			isa = PBXTargetDependency;
			target = 6DFFF97F2D40812700E81286 /* Optima */;
			targetProxy = 6DFFF9922D40812700E81286 /* PBXContainerItemProxy */;
		};
		6DFFF99D2D40812700E81286 /* PBXTargetDependency */ = {
			isa = PBXTargetDependency;
			target = 6DFFF97F2D40812700E81286 /* Optima */;
			targetProxy = 6DFFF99C2D40812700E81286 /* PBXContainerItemProxy */;
		};
/* End PBXTargetDependency section */

/* Begin XCBuildConfiguration section */
		6DFFF9A32D40812700E81286 /* Debug */ = {
			isa = XCBuildConfiguration;
			buildSettings = {
				ALWAYS_SEARCH_USER_PATHS = NO;
				ASSETCATALOG_COMPILER_GENERATE_SWIFT_ASSET_SYMBOL_EXTENSIONS = YES;
				CLANG_ANALYZER_NONNULL = YES;
				CLANG_ANALYZER_NUMBER_OBJECT_CONVERSION = YES_AGGRESSIVE;
				CLANG_CXX_LANGUAGE_STANDARD = "gnu++20";
				CLANG_ENABLE_MODULES = YES;
				CLANG_ENABLE_OBJC_ARC = YES;
				CLANG_ENABLE_OBJC_WEAK = YES;
				CLANG_WARN_BLOCK_CAPTURE_AUTORELEASING = YES;
				CLANG_WARN_BOOL_CONVERSION = YES;
				CLANG_WARN_COMMA = YES;
				CLANG_WARN_CONSTANT_CONVERSION = YES;
				CLANG_WARN_DEPRECATED_OBJC_IMPLEMENTATIONS = YES;
				CLANG_WARN_DIRECT_OBJC_ISA_USAGE = YES_ERROR;
				CLANG_WARN_DOCUMENTATION_COMMENTS = YES;
				CLANG_WARN_EMPTY_BODY = YES;
				CLANG_WARN_ENUM_CONVERSION = YES;
				CLANG_WARN_INFINITE_RECURSION = YES;
				CLANG_WARN_INT_CONVERSION = YES;
				CLANG_WARN_NON_LITERAL_NULL_CONVERSION = YES;
				CLANG_WARN_OBJC_IMPLICIT_RETAIN_SELF = YES;
				CLANG_WARN_OBJC_LITERAL_CONVERSION = YES;
				CLANG_WARN_OBJC_ROOT_CLASS = YES_ERROR;
				CLANG_WARN_QUOTED_INCLUDE_IN_FRAMEWORK_HEADER = YES;
				CLANG_WARN_RANGE_LOOP_ANALYSIS = YES;
				CLANG_WARN_STRICT_PROTOTYPES = YES;
				CLANG_WARN_SUSPICIOUS_MOVE = YES;
				CLANG_WARN_UNGUARDED_AVAILABILITY = YES_AGGRESSIVE;
				CLANG_WARN_UNREACHABLE_CODE = YES;
				CLANG_WARN__DUPLICATE_METHOD_MATCH = YES;
				COPY_PHASE_STRIP = NO;
				DEBUG_INFORMATION_FORMAT = dwarf;
				ENABLE_STRICT_OBJC_MSGSEND = YES;
				ENABLE_TESTABILITY = YES;
				ENABLE_USER_SCRIPT_SANDBOXING = YES;
				GCC_C_LANGUAGE_STANDARD = gnu17;
				GCC_DYNAMIC_NO_PIC = NO;
				GCC_NO_COMMON_BLOCKS = YES;
				GCC_OPTIMIZATION_LEVEL = 0;
				GCC_PREPROCESSOR_DEFINITIONS = (
					"DEBUG=1",
					"$(inherited)",
				);
				GCC_WARN_64_TO_32_BIT_CONVERSION = YES;
				GCC_WARN_ABOUT_RETURN_TYPE = YES_ERROR;
				GCC_WARN_UNDECLARED_SELECTOR = YES;
				GCC_WARN_UNINITIALIZED_AUTOS = YES_AGGRESSIVE;
				GCC_WARN_UNUSED_FUNCTION = YES;
				GCC_WARN_UNUSED_VARIABLE = YES;
				LOCALIZATION_PREFERS_STRING_CATALOGS = YES;
				MTL_ENABLE_DEBUG_INFO = INCLUDE_SOURCE;
				MTL_FAST_MATH = YES;
				NEW_SETTING = "";
				ONLY_ACTIVE_ARCH = YES;
				SWIFT_ACTIVE_COMPILATION_CONDITIONS = "DEBUG $(inherited)";
				SWIFT_OPTIMIZATION_LEVEL = "-Onone";
			};
			name = Debug;
		};
		6DFFF9A42D40812700E81286 /* Release */ = {
			isa = XCBuildConfiguration;
			buildSettings = {
				ALWAYS_SEARCH_USER_PATHS = NO;
				ASSETCATALOG_COMPILER_GENERATE_SWIFT_ASSET_SYMBOL_EXTENSIONS = YES;
				CLANG_ANALYZER_NONNULL = YES;
				CLANG_ANALYZER_NUMBER_OBJECT_CONVERSION = YES_AGGRESSIVE;
				CLANG_CXX_LANGUAGE_STANDARD = "gnu++20";
				CLANG_ENABLE_MODULES = YES;
				CLANG_ENABLE_OBJC_ARC = YES;
				CLANG_ENABLE_OBJC_WEAK = YES;
				CLANG_WARN_BLOCK_CAPTURE_AUTORELEASING = YES;
				CLANG_WARN_BOOL_CONVERSION = YES;
				CLANG_WARN_COMMA = YES;
				CLANG_WARN_CONSTANT_CONVERSION = YES;
				CLANG_WARN_DEPRECATED_OBJC_IMPLEMENTATIONS = YES;
				CLANG_WARN_DIRECT_OBJC_ISA_USAGE = YES_ERROR;
				CLANG_WARN_DOCUMENTATION_COMMENTS = YES;
				CLANG_WARN_EMPTY_BODY = YES;
				CLANG_WARN_ENUM_CONVERSION = YES;
				CLANG_WARN_INFINITE_RECURSION = YES;
				CLANG_WARN_INT_CONVERSION = YES;
				CLANG_WARN_NON_LITERAL_NULL_CONVERSION = YES;
				CLANG_WARN_OBJC_IMPLICIT_RETAIN_SELF = YES;
				CLANG_WARN_OBJC_LITERAL_CONVERSION = YES;
				CLANG_WARN_OBJC_ROOT_CLASS = YES_ERROR;
				CLANG_WARN_QUOTED_INCLUDE_IN_FRAMEWORK_HEADER = YES;
				CLANG_WARN_RANGE_LOOP_ANALYSIS = YES;
				CLANG_WARN_STRICT_PROTOTYPES = YES;
				CLANG_WARN_SUSPICIOUS_MOVE = YES;
				CLANG_WARN_UNGUARDED_AVAILABILITY = YES_AGGRESSIVE;
				CLANG_WARN_UNREACHABLE_CODE = YES;
				CLANG_WARN__DUPLICATE_METHOD_MATCH = YES;
				COPY_PHASE_STRIP = NO;
				DEBUG_INFORMATION_FORMAT = "dwarf-with-dsym";
				ENABLE_NS_ASSERTIONS = NO;
				ENABLE_STRICT_OBJC_MSGSEND = YES;
				ENABLE_USER_SCRIPT_SANDBOXING = YES;
				GCC_C_LANGUAGE_STANDARD = gnu17;
				GCC_NO_COMMON_BLOCKS = YES;
				GCC_WARN_64_TO_32_BIT_CONVERSION = YES;
				GCC_WARN_ABOUT_RETURN_TYPE = YES_ERROR;
				GCC_WARN_UNDECLARED_SELECTOR = YES;
				GCC_WARN_UNINITIALIZED_AUTOS = YES_AGGRESSIVE;
				GCC_WARN_UNUSED_FUNCTION = YES;
				GCC_WARN_UNUSED_VARIABLE = YES;
				LOCALIZATION_PREFERS_STRING_CATALOGS = YES;
				MTL_ENABLE_DEBUG_INFO = NO;
				MTL_FAST_MATH = YES;
				NEW_SETTING = "";
				SWIFT_COMPILATION_MODE = wholemodule;
			};
			name = Release;
		};
		6DFFF9A62D40812700E81286 /* Debug */ = {
			isa = XCBuildConfiguration;
			buildSettings = {
				ASSETCATALOG_COMPILER_APPICON_NAME = AppIcon;
				ASSETCATALOG_COMPILER_GLOBAL_ACCENT_COLOR_NAME = AccentColor;
				CODE_SIGN_ENTITLEMENTS = Optima/Optima.entitlements;
				"CODE_SIGN_IDENTITY[sdk=macosx*]" = "Apple Development";
				CODE_SIGN_STYLE = Automatic;
				CURRENT_PROJECT_VERSION = 1;
				DEVELOPMENT_ASSET_PATHS = "\"Optima/Preview Content\"";
				DEVELOPMENT_TEAM = 38V66H366K;
				ENABLE_HARDENED_RUNTIME = NO;
				ENABLE_PREVIEWS = YES;
				GENERATE_INFOPLIST_FILE = YES;
				"INFOPLIST_KEY_UIApplicationSceneManifest_Generation[sdk=iphoneos*]" = YES;
				"INFOPLIST_KEY_UIApplicationSceneManifest_Generation[sdk=iphonesimulator*]" = YES;
				"INFOPLIST_KEY_UIApplicationSupportsIndirectInputEvents[sdk=iphoneos*]" = YES;
				"INFOPLIST_KEY_UIApplicationSupportsIndirectInputEvents[sdk=iphonesimulator*]" = YES;
				"INFOPLIST_KEY_UILaunchScreen_Generation[sdk=iphoneos*]" = YES;
				"INFOPLIST_KEY_UILaunchScreen_Generation[sdk=iphonesimulator*]" = YES;
				"INFOPLIST_KEY_UIStatusBarStyle[sdk=iphoneos*]" = UIStatusBarStyleDefault;
				"INFOPLIST_KEY_UIStatusBarStyle[sdk=iphonesimulator*]" = UIStatusBarStyleDefault;
				INFOPLIST_KEY_UISupportedInterfaceOrientations_iPad = "UIInterfaceOrientationPortrait UIInterfaceOrientationPortraitUpsideDown UIInterfaceOrientationLandscapeLeft UIInterfaceOrientationLandscapeRight";
				INFOPLIST_KEY_UISupportedInterfaceOrientations_iPhone = "UIInterfaceOrientationPortrait UIInterfaceOrientationLandscapeLeft UIInterfaceOrientationLandscapeRight";
				IPHONEOS_DEPLOYMENT_TARGET = 18.2;
				LD_RUNPATH_SEARCH_PATHS = "@executable_path/Frameworks";
				"LD_RUNPATH_SEARCH_PATHS[sdk=macosx*]" = "@executable_path/../Frameworks";
				MACOSX_DEPLOYMENT_TARGET = 15.1;
				MARKETING_VERSION = 1.0;
				PRODUCT_BUNDLE_IDENTIFIER = optima.Optima1;
				PRODUCT_NAME = "$(TARGET_NAME)";
				SDKROOT = auto;
				SUPPORTED_PLATFORMS = "iphoneos iphonesimulator macosx xros xrsimulator";
				SWIFT_EMIT_LOC_STRINGS = YES;
				SWIFT_VERSION = 5.0;
				TARGETED_DEVICE_FAMILY = "1,2,7";
				XROS_DEPLOYMENT_TARGET = 2.2;
			};
			name = Debug;
		};
		6DFFF9A72D40812700E81286 /* Release */ = {
			isa = XCBuildConfiguration;
			buildSettings = {
				ASSETCATALOG_COMPILER_APPICON_NAME = AppIcon;
				ASSETCATALOG_COMPILER_GLOBAL_ACCENT_COLOR_NAME = AccentColor;
				CODE_SIGN_ENTITLEMENTS = Optima/Optima.entitlements;
				"CODE_SIGN_IDENTITY[sdk=macosx*]" = "Apple Development";
				CODE_SIGN_STYLE = Automatic;
				CURRENT_PROJECT_VERSION = 1;
				DEVELOPMENT_ASSET_PATHS = "\"Optima/Preview Content\"";
				DEVELOPMENT_TEAM = 38V66H366K;
				ENABLE_HARDENED_RUNTIME = NO;
				ENABLE_PREVIEWS = YES;
				GENERATE_INFOPLIST_FILE = YES;
				"INFOPLIST_KEY_UIApplicationSceneManifest_Generation[sdk=iphoneos*]" = YES;
				"INFOPLIST_KEY_UIApplicationSceneManifest_Generation[sdk=iphonesimulator*]" = YES;
				"INFOPLIST_KEY_UIApplicationSupportsIndirectInputEvents[sdk=iphoneos*]" = YES;
				"INFOPLIST_KEY_UIApplicationSupportsIndirectInputEvents[sdk=iphonesimulator*]" = YES;
				"INFOPLIST_KEY_UILaunchScreen_Generation[sdk=iphoneos*]" = YES;
				"INFOPLIST_KEY_UILaunchScreen_Generation[sdk=iphonesimulator*]" = YES;
				"INFOPLIST_KEY_UIStatusBarStyle[sdk=iphoneos*]" = UIStatusBarStyleDefault;
				"INFOPLIST_KEY_UIStatusBarStyle[sdk=iphonesimulator*]" = UIStatusBarStyleDefault;
				INFOPLIST_KEY_UISupportedInterfaceOrientations_iPad = "UIInterfaceOrientationPortrait UIInterfaceOrientationPortraitUpsideDown UIInterfaceOrientationLandscapeLeft UIInterfaceOrientationLandscapeRight";
				INFOPLIST_KEY_UISupportedInterfaceOrientations_iPhone = "UIInterfaceOrientationPortrait UIInterfaceOrientationLandscapeLeft UIInterfaceOrientationLandscapeRight";
				IPHONEOS_DEPLOYMENT_TARGET = 18.2;
				LD_RUNPATH_SEARCH_PATHS = "@executable_path/Frameworks";
				"LD_RUNPATH_SEARCH_PATHS[sdk=macosx*]" = "@executable_path/../Frameworks";
				MACOSX_DEPLOYMENT_TARGET = 15.1;
				MARKETING_VERSION = 1.0;
				PRODUCT_BUNDLE_IDENTIFIER = optima.Optima1;
				PRODUCT_NAME = "$(TARGET_NAME)";
				SDKROOT = auto;
				SUPPORTED_PLATFORMS = "iphoneos iphonesimulator macosx xros xrsimulator";
				SWIFT_EMIT_LOC_STRINGS = YES;
				SWIFT_VERSION = 5.0;
				TARGETED_DEVICE_FAMILY = "1,2,7";
				XROS_DEPLOYMENT_TARGET = 2.2;
			};
			name = Release;
		};
		6DFFF9A92D40812700E81286 /* Debug */ = {
			isa = XCBuildConfiguration;
			buildSettings = {
				BUNDLE_LOADER = "$(TEST_HOST)";
				CODE_SIGN_STYLE = Automatic;
				CURRENT_PROJECT_VERSION = 1;
				DEVELOPMENT_TEAM = 38V66H366K;
				GENERATE_INFOPLIST_FILE = YES;
				IPHONEOS_DEPLOYMENT_TARGET = 18.2;
				MACOSX_DEPLOYMENT_TARGET = 15.1;
				MARKETING_VERSION = 1.0;
				PRODUCT_BUNDLE_IDENTIFIER = optima.OptimaTests;
				PRODUCT_NAME = "$(TARGET_NAME)";
				SDKROOT = auto;
				SUPPORTED_PLATFORMS = "iphoneos iphonesimulator macosx xros xrsimulator";
				SWIFT_EMIT_LOC_STRINGS = NO;
				SWIFT_VERSION = 5.0;
				TARGETED_DEVICE_FAMILY = "1,2,7";
				TEST_HOST = "$(BUILT_PRODUCTS_DIR)/Optima.app/$(BUNDLE_EXECUTABLE_FOLDER_PATH)/Optima";
				XROS_DEPLOYMENT_TARGET = 2.2;
			};
			name = Debug;
		};
		6DFFF9AA2D40812700E81286 /* Release */ = {
			isa = XCBuildConfiguration;
			buildSettings = {
				BUNDLE_LOADER = "$(TEST_HOST)";
				CODE_SIGN_STYLE = Automatic;
				CURRENT_PROJECT_VERSION = 1;
				DEVELOPMENT_TEAM = 38V66H366K;
				GENERATE_INFOPLIST_FILE = YES;
				IPHONEOS_DEPLOYMENT_TARGET = 18.2;
				MACOSX_DEPLOYMENT_TARGET = 15.1;
				MARKETING_VERSION = 1.0;
				PRODUCT_BUNDLE_IDENTIFIER = optima.OptimaTests;
				PRODUCT_NAME = "$(TARGET_NAME)";
				SDKROOT = auto;
				SUPPORTED_PLATFORMS = "iphoneos iphonesimulator macosx xros xrsimulator";
				SWIFT_EMIT_LOC_STRINGS = NO;
				SWIFT_VERSION = 5.0;
				TARGETED_DEVICE_FAMILY = "1,2,7";
				TEST_HOST = "$(BUILT_PRODUCTS_DIR)/Optima.app/$(BUNDLE_EXECUTABLE_FOLDER_PATH)/Optima";
				XROS_DEPLOYMENT_TARGET = 2.2;
			};
			name = Release;
		};
		6DFFF9AC2D40812700E81286 /* Debug */ = {
			isa = XCBuildConfiguration;
			buildSettings = {
				CODE_SIGN_STYLE = Automatic;
				CURRENT_PROJECT_VERSION = 1;
				DEVELOPMENT_TEAM = 38V66H366K;
				GENERATE_INFOPLIST_FILE = YES;
				IPHONEOS_DEPLOYMENT_TARGET = 18.2;
				MACOSX_DEPLOYMENT_TARGET = 15.1;
				MARKETING_VERSION = 1.0;
				PRODUCT_BUNDLE_IDENTIFIER = optima.OptimaUITests;
				PRODUCT_NAME = "$(TARGET_NAME)";
				SDKROOT = auto;
				SUPPORTED_PLATFORMS = "iphoneos iphonesimulator macosx xros xrsimulator";
				SWIFT_EMIT_LOC_STRINGS = NO;
				SWIFT_VERSION = 5.0;
				TARGETED_DEVICE_FAMILY = "1,2,7";
				TEST_TARGET_NAME = Optima;
				XROS_DEPLOYMENT_TARGET = 2.2;
			};
			name = Debug;
		};
		6DFFF9AD2D40812700E81286 /* Release */ = {
			isa = XCBuildConfiguration;
			buildSettings = {
				CODE_SIGN_STYLE = Automatic;
				CURRENT_PROJECT_VERSION = 1;
				DEVELOPMENT_TEAM = 38V66H366K;
				GENERATE_INFOPLIST_FILE = YES;
				IPHONEOS_DEPLOYMENT_TARGET = 18.2;
				MACOSX_DEPLOYMENT_TARGET = 15.1;
				MARKETING_VERSION = 1.0;
				PRODUCT_BUNDLE_IDENTIFIER = optima.OptimaUITests;
				PRODUCT_NAME = "$(TARGET_NAME)";
				SDKROOT = auto;
				SUPPORTED_PLATFORMS = "iphoneos iphonesimulator macosx xros xrsimulator";
				SWIFT_EMIT_LOC_STRINGS = NO;
				SWIFT_VERSION = 5.0;
				TARGETED_DEVICE_FAMILY = "1,2,7";
				TEST_TARGET_NAME = Optima;
				XROS_DEPLOYMENT_TARGET = 2.2;
			};
			name = Release;
		};
/* End XCBuildConfiguration section */

/* Begin XCConfigurationList section */
		6DFFF97B2D40812700E81286 /* Build configuration list for PBXProject "Optima" */ = {
			isa = XCConfigurationList;
			buildConfigurations = (
				6DFFF9A32D40812700E81286 /* Debug */,
				6DFFF9A42D40812700E81286 /* Release */,
			);
			defaultConfigurationIsVisible = 0;
			defaultConfigurationName = Release;
		};
		6DFFF9A52D40812700E81286 /* Build configuration list for PBXNativeTarget "Optima" */ = {
			isa = XCConfigurationList;
			buildConfigurations = (
				6DFFF9A62D40812700E81286 /* Debug */,
				6DFFF9A72D40812700E81286 /* Release */,
			);
			defaultConfigurationIsVisible = 0;
			defaultConfigurationName = Release;
		};
		6DFFF9A82D40812700E81286 /* Build configuration list for PBXNativeTarget "OptimaTests" */ = {
			isa = XCConfigurationList;
			buildConfigurations = (
				6DFFF9A92D40812700E81286 /* Debug */,
				6DFFF9AA2D40812700E81286 /* Release */,
			);
			defaultConfigurationIsVisible = 0;
			defaultConfigurationName = Release;
		};
		6DFFF9AB2D40812700E81286 /* Build configuration list for PBXNativeTarget "OptimaUITests" */ = {
			isa = XCConfigurationList;
			buildConfigurations = (
				6DFFF9AC2D40812700E81286 /* Debug */,
				6DFFF9AD2D40812700E81286 /* Release */,
			);
			defaultConfigurationIsVisible = 0;
			defaultConfigurationName = Release;
		};
/* End XCConfigurationList section */

/* Begin XCRemoteSwiftPackageReference section */
		6DFD1E712D53F64100CD54CC /* XCRemoteSwiftPackageReference "firebase-ios-sdk" */ = {
			isa = XCRemoteSwiftPackageReference;
			repositoryURL = "https://github.com/firebase/firebase-ios-sdk.git";
			requirement = {
				kind = upToNextMajorVersion;
				minimumVersion = 11.8.1;
			};
		};
/* End XCRemoteSwiftPackageReference section */

/* Begin XCSwiftPackageProductDependency section */
		6DC05A0A2D53F76700737E09 /* FirebaseAnalytics */ = {
			isa = XCSwiftPackageProductDependency;
			productName = FirebaseAnalytics;
		};
		6DC05A0C2D53F76700737E09 /* FirebaseAnalyticsOnDeviceConversion */ = {
			isa = XCSwiftPackageProductDependency;
			productName = FirebaseAnalyticsOnDeviceConversion;
		};
		6DC05A0E2D53F76700737E09 /* FirebaseAnalyticsWithoutAdIdSupport */ = {
			isa = XCSwiftPackageProductDependency;
			productName = FirebaseAnalyticsWithoutAdIdSupport;
		};
		6DC05A102D53F76700737E09 /* FirebaseAppCheck */ = {
			isa = XCSwiftPackageProductDependency;
			productName = FirebaseAppCheck;
		};
		6DC05A122D53F76700737E09 /* FirebaseAppDistribution-Beta */ = {
			isa = XCSwiftPackageProductDependency;
			productName = "FirebaseAppDistribution-Beta";
		};
		6DC05A142D53F76700737E09 /* FirebaseAuth */ = {
			isa = XCSwiftPackageProductDependency;
			productName = FirebaseAuth;
		};
		6DC05A162D53F76700737E09 /* FirebaseAuthCombine-Community */ = {
			isa = XCSwiftPackageProductDependency;
			productName = "FirebaseAuthCombine-Community";
		};
		6DC05A182D53F76700737E09 /* FirebaseCore */ = {
			isa = XCSwiftPackageProductDependency;
			productName = FirebaseCore;
		};
		6DC05A1A2D53F76700737E09 /* FirebaseCrashlytics */ = {
			isa = XCSwiftPackageProductDependency;
			productName = FirebaseCrashlytics;
		};
		6DC05A1C2D53F76700737E09 /* FirebaseDatabase */ = {
			isa = XCSwiftPackageProductDependency;
			productName = FirebaseDatabase;
		};
		6DC05A1E2D53F76700737E09 /* FirebaseDynamicLinks */ = {
			isa = XCSwiftPackageProductDependency;
			productName = FirebaseDynamicLinks;
		};
		6DC05A202D53F76700737E09 /* FirebaseFirestore */ = {
			isa = XCSwiftPackageProductDependency;
			productName = FirebaseFirestore;
		};
		6DC05A222D53F76700737E09 /* FirebaseFirestoreCombine-Community */ = {
			isa = XCSwiftPackageProductDependency;
			productName = "FirebaseFirestoreCombine-Community";
		};
		6DC05A242D53F76700737E09 /* FirebaseFunctions */ = {
			isa = XCSwiftPackageProductDependency;
			productName = FirebaseFunctions;
		};
		6DC05A262D53F76700737E09 /* FirebaseFunctionsCombine-Community */ = {
			isa = XCSwiftPackageProductDependency;
			productName = "FirebaseFunctionsCombine-Community";
		};
		6DC05A282D53F76700737E09 /* FirebaseInAppMessaging-Beta */ = {
			isa = XCSwiftPackageProductDependency;
			productName = "FirebaseInAppMessaging-Beta";
		};
		6DC05A2A2D53F76700737E09 /* FirebaseInstallations */ = {
			isa = XCSwiftPackageProductDependency;
			productName = FirebaseInstallations;
		};
		6DC05A2C2D53F76700737E09 /* FirebaseMLModelDownloader */ = {
			isa = XCSwiftPackageProductDependency;
			productName = FirebaseMLModelDownloader;
		};
		6DC05A2E2D53F76700737E09 /* FirebaseMessaging */ = {
			isa = XCSwiftPackageProductDependency;
			productName = FirebaseMessaging;
		};
		6DC05A302D53F76700737E09 /* FirebasePerformance */ = {
			isa = XCSwiftPackageProductDependency;
			productName = FirebasePerformance;
		};
		6DC05A322D53F76700737E09 /* FirebaseRemoteConfig */ = {
			isa = XCSwiftPackageProductDependency;
			productName = FirebaseRemoteConfig;
		};
		6DC05A342D53F76700737E09 /* FirebaseStorage */ = {
			isa = XCSwiftPackageProductDependency;
			productName = FirebaseStorage;
		};
		6DC05A362D53F76700737E09 /* FirebaseStorageCombine-Community */ = {
			isa = XCSwiftPackageProductDependency;
			productName = "FirebaseStorageCombine-Community";
		};
		6DC05A382D53F76700737E09 /* FirebaseVertexAI */ = {
			isa = XCSwiftPackageProductDependency;
			productName = FirebaseVertexAI;
		};
/* End XCSwiftPackageProductDependency section */
	};
	rootObject = 6DFFF9782D40812700E81286 /* Project object */;
}
